{
  "name": "xataproj2",
  "version": "1.0.0",
  "lockfileVersion": 3,
  "requires": true,
  "packages": {
    "": {
      "name": "xataproj2",
      "version": "1.0.0",
      "license": "ISC",
      "dependencies": {
        "@xata.io/client": "^0.0.0-next.v403cdd55cb26b69c074dbc07b44daa0c2a0a77b6"
      }
    },
    "node_modules/@xata.io/client": {
      "version": "0.0.0-next.v403cdd55cb26b69c074dbc07b44daa0c2a0a77b6",
      "resolved": "https://registry.npmjs.org/@xata.io/client/-/client-0.0.0-next.v403cdd55cb26b69c074dbc07b44daa0c2a0a77b6.tgz",
      "integrity": "sha512-goREOhzRf5rLnNzQATjSPoxDQ4rPrjn4UAXdzT0SoKJuJw4a86+/RKbml3IolE5yp8WCJU4SCcVJAIu7Uby+zg==",
      "license": "Apache-2.0",
      "peerDependencies": {
        "typescript": ">=4.5"
      }
    },
    "node_modules/typescript": {
      "version": "5.6.3",
      "resolved": "https://registry.npmjs.org/typescript/-/typescript-5.6.3.tgz",
      "integrity": "sha512-hjcS1mhfuyi4WW8IWtjP7brDrG2cuDZukyrYrSauoXGNgx0S7zceP07adYkJycEr56BOUTNPzbInooiN3fn1qw==",
      "license": "Apache-2.0",
      "peer": true,
      "bin": {
        "tsc": "bin/tsc",
        "tsserver": "bin/tsserver"
      },
      "engines": {
        "node": ">=14.17"
      }
    }
  }
}
